
Microsoft Visual Studio Solution File, Format Version 12.00
# Visual Studio 14
VisualStudioVersion = 14.0.25420.1
MinimumVisualStudioVersion = 10.0.40219.1
Project("{FAE04EC0-301F-11D3-BF4B-00C04F79EFBC}") = "Diamond.Web.Operation", "Diamond.Web.Operation\Diamond.Web.Operation.csproj", "{81C30A08-4B81-416F-95AE-5BBCE2B361B5}"
EndProject
Project("{FAE04EC0-301F-11D3-BF4B-00C04F79EFBC}") = "Diamond.Web.Operation.Tests", "Diamond.Web.Operation.Tests\Diamond.Web.Operation.Tests.csproj", "{BA8FB88F-4104-4C98-9DE3-7C7C12000B5B}"
EndProject
Global
	GlobalSection(SolutionConfigurationPlatforms) = preSolution
		Debug|Any CPU = Debug|Any CPU
		Release|Any CPU = Release|Any CPU
	EndGlobalSection
	GlobalSection(ProjectConfigurationPlatforms) = postSolution
		{81C30A08-4B81-416F-95AE-5BBCE2B361B5}.Debug|Any CPU.ActiveCfg = Debug|Any CPU
		{81C30A08-4B81-416F-95AE-5BBCE2B361B5}.Debug|Any CPU.Build.0 = Debug|Any CPU
		{81C30A08-4B81-416F-95AE-5BBCE2B361B5}.Release|Any CPU.ActiveCfg = Release|Any CPU
		{81C30A08-4B81-416F-95AE-5BBCE2B361B5}.Release|Any CPU.Build.0 = Release|Any CPU
		{BA8FB88F-4104-4C98-9DE3-7C7C12000B5B}.Debug|Any CPU.ActiveCfg = Debug|Any CPU
		{BA8FB88F-4104-4C98-9DE3-7C7C12000B5B}.Debug|Any CPU.Build.0 = Debug|Any CPU
		{BA8FB88F-4104-4C98-9DE3-7C7C12000B5B}.Release|Any CPU.ActiveCfg = Release|Any CPU
		{BA8FB88F-4104-4C98-9DE3-7C7C12000B5B}.Release|Any CPU.Build.0 = Release|Any CPU
	EndGlobalSection
	GlobalSection(SolutionProperties) = preSolution
		HideSolutionNode = FALSE
	EndGlobalSection
EndGlobal
